
Microsoft Visual Studio Solution File, Format Version 12.00
# Visual Studio Version 17
VisualStudioVersion = 17.2.32526.322
MinimumVisualStudioVersion = 10.0.40219.1
Project("{2150E333-8FDC-42A3-9474-1A3956D46DE8}") = "Docs", "Docs", "{66E28F78-E7E5-4A6A-AF44-F88D227F34AB}"
	ProjectSection(SolutionItems) = preProject
		ReadMe.md = ReadMe.md
		SelfContainedPublication.txt = SelfContainedPublication.txt
	EndProjectSection
EndProject
Project("{2150E333-8FDC-42A3-9474-1A3956D46DE8}") = "Src", "Src", "{055AF393-4C3B-41A3-80F2-BD3293DA1256}"
EndProject
Project("{2150E333-8FDC-42A3-9474-1A3956D46DE8}") = "Common", "Common", "{D0278207-723D-405E-8EE0-998C5F734E15}"
EndProject
Project("{2150E333-8FDC-42A3-9474-1A3956D46DE8}") = "Core", "Core", "{9ACBF567-1562-4A9E-AD66-11C570E9B044}"
EndProject
Project("{2150E333-8FDC-42A3-9474-1A3956D46DE8}") = "Infrastructure", "Infrastructure", "{D991AA55-EFCA-4134-BFE2-5A0E2D2AE26E}"
EndProject
Project("{2150E333-8FDC-42A3-9474-1A3956D46DE8}") = "Tests", "Tests", "{3244BAFF-5DCE-4963-9611-48400A7D4B81}"
EndProject
Project("{9A19103F-16F7-4668-BE54-9A1E7A4F7556}") = "AlgoriaCore.Domain", "AlgoriaCore.Domain\AlgoriaCore.Domain.csproj", "{35828A90-FD9B-4043-9902-72D57C33AA11}"
EndProject
Project("{9A19103F-16F7-4668-BE54-9A1E7A4F7556}") = "AlgoriaInfrastructure", "AlgoriaInfrastructure\AlgoriaInfrastructure.csproj", "{D5199E9B-15CB-49E0-B509-81B53176C168}"
EndProject
Project("{9A19103F-16F7-4668-BE54-9A1E7A4F7556}") = "AlgoriaCore.Application", "AlgoriaCore.Application\AlgoriaCore.Application.csproj", "{7430DDA8-8D90-4D87-B060-1A161734899F}"
EndProject
Project("{9A19103F-16F7-4668-BE54-9A1E7A4F7556}") = "AlgoriaCommon", "AlgoriaCommon\AlgoriaCommon.csproj", "{41167EFE-B752-4891-8EC6-BF09C3678ACA}"
EndProject
Project("{9A19103F-16F7-4668-BE54-9A1E7A4F7556}") = "AlgoriaPersistence", "AlgoriaPersistence\AlgoriaPersistence.csproj", "{18B59236-F8CA-4CC7-ADE4-68228D2A0288}"
	ProjectSection(ProjectDependencies) = postProject
		{7ED7356E-4EE8-4409-8395-00E86C4C0347} = {7ED7356E-4EE8-4409-8395-00E86C4C0347}
	EndProjectSection
EndProject
Project("{9A19103F-16F7-4668-BE54-9A1E7A4F7556}") = "AlgoriaCore.Domain.Tests", "AlgoriaCore.Domain.Tests\AlgoriaCore.Domain.Tests.csproj", "{C8F72AD7-7765-4E62-B834-09E8275FC8AE}"
EndProject
Project("{9A19103F-16F7-4668-BE54-9A1E7A4F7556}") = "AlgoriaCore.Application.Tests", "AlgoriaCore.Application.Tests\AlgoriaCore.Application.Tests.csproj", "{15C8BFD4-D22F-4A74-A13D-66610785055E}"
EndProject
Project("{9A19103F-16F7-4668-BE54-9A1E7A4F7556}") = "AlgoriaPersistence.Interfaces", "AlgoriaPersistence.Interfaces\AlgoriaPersistence.Interfaces.csproj", "{7ED7356E-4EE8-4409-8395-00E86C4C0347}"
EndProject
Project("{9A19103F-16F7-4668-BE54-9A1E7A4F7556}") = "AlgoriaCore.Extensions", "AlgoriaCore.Extensions\AlgoriaCore.Extensions.csproj", "{1510C9CA-709C-4D0E-8A10-7BE0EB4777DC}"
EndProject
Project("{9A19103F-16F7-4668-BE54-9A1E7A4F7556}") = "AlgoriaCore.Domain.Interfaces", "AlgoriaCore.Domain.Interfaces\AlgoriaCore.Domain.Interfaces.csproj", "{AE30C87D-41CB-46C5-B2DE-0C01D1F08C92}"
EndProject
Project("{2150E333-8FDC-42A3-9474-1A3956D46DE8}") = "API", "API", "{819FE848-575F-4F4C-A7F6-B6B3B3C60359}"
EndProject
Project("{9A19103F-16F7-4668-BE54-9A1E7A4F7556}") = "AlgoriaCore.WebAPI", "AlgoriaCore.WebAPI\AlgoriaCore.WebAPI.csproj", "{553FC727-1A5A-42CE-8648-ED17DE1E8264}"
EndProject
Project("{9A19103F-16F7-4668-BE54-9A1E7A4F7556}") = "ScriptBuilder", "ScriptBuilder\ScriptBuilder.csproj", "{80CA7316-FCF5-4793-AEC1-3FD5AAD7E03E}"
EndProject
Project("{9A19103F-16F7-4668-BE54-9A1E7A4F7556}") = "AlgoriaCore.Grpc", "AlgoriaCore.Grpc\AlgoriaCore.Grpc.csproj", "{06D3F984-00B1-44E8-8D94-A3B61FBC5DED}"
EndProject
Project("{2150E333-8FDC-42A3-9474-1A3956D46DE8}") = "API-AWS", "API-AWS", "{D7E33A3A-EBF9-4F64-A5A2-44AD77F2CE52}"
EndProject
Project("{9A19103F-16F7-4668-BE54-9A1E7A4F7556}") = "AlgoriaCore5.WebAPI.Lambda", "AlgoriaCore5.WebAPI.Lambda\AlgoriaCore5.WebAPI.Lambda.csproj", "{44AD1B9D-1902-4163-899D-0529A7338608}"
EndProject
Project("{9A19103F-16F7-4668-BE54-9A1E7A4F7556}") = "AlgoriaCore.Controllers", "AlgoriaCore.Controllers\AlgoriaCore.Controllers.csproj", "{7A88133A-73D1-4AB5-9BB2-D9E17E60A66A}"
EndProject
Project("{2150E333-8FDC-42A3-9474-1A3956D46DE8}") = "SQL", "SQL", "{2AF7EAD0-561F-4154-95DF-E99466939613}"
	ProjectSection(SolutionItems) = preProject
		SQL\AlgoriaDatabaseDef_Postgres_Create.sql = SQL\AlgoriaDatabaseDef_Postgres_Create.sql
		SQL\AlgoriaDatabaseDef_SQLServer_Create.sql = SQL\AlgoriaDatabaseDef_SQLServer_Create.sql
	EndProjectSection
EndProject
Project("{2150E333-8FDC-42A3-9474-1A3956D46DE8}") = "MongoDB", "MongoDB", "{498E1B47-829F-4707-80A3-EDD77AF757EF}"
	ProjectSection(SolutionItems) = preProject
		MongoDB\C220808.js = MongoDB\C220808.js
		MongoDB\C220822.js = MongoDB\C220822.js
		MongoDB\create.js = MongoDB\create.js
	EndProjectSection
EndProject
Global
	GlobalSection(SolutionConfigurationPlatforms) = preSolution
		Debug|Any CPU = Debug|Any CPU
		Release|Any CPU = Release|Any CPU
	EndGlobalSection
	GlobalSection(ProjectConfigurationPlatforms) = postSolution
		{35828A90-FD9B-4043-9902-72D57C33AA11}.Debug|Any CPU.ActiveCfg = Debug|Any CPU
		{35828A90-FD9B-4043-9902-72D57C33AA11}.Debug|Any CPU.Build.0 = Debug|Any CPU
		{35828A90-FD9B-4043-9902-72D57C33AA11}.Release|Any CPU.ActiveCfg = Release|Any CPU
		{35828A90-FD9B-4043-9902-72D57C33AA11}.Release|Any CPU.Build.0 = Release|Any CPU
		{D5199E9B-15CB-49E0-B509-81B53176C168}.Debug|Any CPU.ActiveCfg = Debug|Any CPU
		{D5199E9B-15CB-49E0-B509-81B53176C168}.Debug|Any CPU.Build.0 = Debug|Any CPU
		{D5199E9B-15CB-49E0-B509-81B53176C168}.Release|Any CPU.ActiveCfg = Release|Any CPU
		{D5199E9B-15CB-49E0-B509-81B53176C168}.Release|Any CPU.Build.0 = Release|Any CPU
		{7430DDA8-8D90-4D87-B060-1A161734899F}.Debug|Any CPU.ActiveCfg = Debug|Any CPU
		{7430DDA8-8D90-4D87-B060-1A161734899F}.Debug|Any CPU.Build.0 = Debug|Any CPU
		{7430DDA8-8D90-4D87-B060-1A161734899F}.Release|Any CPU.ActiveCfg = Release|Any CPU
		{7430DDA8-8D90-4D87-B060-1A161734899F}.Release|Any CPU.Build.0 = Release|Any CPU
		{41167EFE-B752-4891-8EC6-BF09C3678ACA}.Debug|Any CPU.ActiveCfg = Debug|Any CPU
		{41167EFE-B752-4891-8EC6-BF09C3678ACA}.Debug|Any CPU.Build.0 = Debug|Any CPU
		{41167EFE-B752-4891-8EC6-BF09C3678ACA}.Release|Any CPU.ActiveCfg = Release|Any CPU
		{41167EFE-B752-4891-8EC6-BF09C3678ACA}.Release|Any CPU.Build.0 = Release|Any CPU
		{18B59236-F8CA-4CC7-ADE4-68228D2A0288}.Debug|Any CPU.ActiveCfg = Debug|Any CPU
		{18B59236-F8CA-4CC7-ADE4-68228D2A0288}.Debug|Any CPU.Build.0 = Debug|Any CPU
		{18B59236-F8CA-4CC7-ADE4-68228D2A0288}.Release|Any CPU.ActiveCfg = Release|Any CPU
		{18B59236-F8CA-4CC7-ADE4-68228D2A0288}.Release|Any CPU.Build.0 = Release|Any CPU
		{C8F72AD7-7765-4E62-B834-09E8275FC8AE}.Debug|Any CPU.ActiveCfg = Debug|Any CPU
		{C8F72AD7-7765-4E62-B834-09E8275FC8AE}.Debug|Any CPU.Build.0 = Debug|Any CPU
		{C8F72AD7-7765-4E62-B834-09E8275FC8AE}.Release|Any CPU.ActiveCfg = Release|Any CPU
		{C8F72AD7-7765-4E62-B834-09E8275FC8AE}.Release|Any CPU.Build.0 = Release|Any CPU
		{15C8BFD4-D22F-4A74-A13D-66610785055E}.Debug|Any CPU.ActiveCfg = Debug|Any CPU
		{15C8BFD4-D22F-4A74-A13D-66610785055E}.Debug|Any CPU.Build.0 = Debug|Any CPU
		{15C8BFD4-D22F-4A74-A13D-66610785055E}.Release|Any CPU.ActiveCfg = Release|Any CPU
		{15C8BFD4-D22F-4A74-A13D-66610785055E}.Release|Any CPU.Build.0 = Release|Any CPU
		{7ED7356E-4EE8-4409-8395-00E86C4C0347}.Debug|Any CPU.ActiveCfg = Debug|Any CPU
		{7ED7356E-4EE8-4409-8395-00E86C4C0347}.Debug|Any CPU.Build.0 = Debug|Any CPU
		{7ED7356E-4EE8-4409-8395-00E86C4C0347}.Release|Any CPU.ActiveCfg = Release|Any CPU
		{7ED7356E-4EE8-4409-8395-00E86C4C0347}.Release|Any CPU.Build.0 = Release|Any CPU
		{1510C9CA-709C-4D0E-8A10-7BE0EB4777DC}.Debug|Any CPU.ActiveCfg = Debug|Any CPU
		{1510C9CA-709C-4D0E-8A10-7BE0EB4777DC}.Debug|Any CPU.Build.0 = Debug|Any CPU
		{1510C9CA-709C-4D0E-8A10-7BE0EB4777DC}.Release|Any CPU.ActiveCfg = Release|Any CPU
		{1510C9CA-709C-4D0E-8A10-7BE0EB4777DC}.Release|Any CPU.Build.0 = Release|Any CPU
		{AE30C87D-41CB-46C5-B2DE-0C01D1F08C92}.Debug|Any CPU.ActiveCfg = Debug|Any CPU
		{AE30C87D-41CB-46C5-B2DE-0C01D1F08C92}.Debug|Any CPU.Build.0 = Debug|Any CPU
		{AE30C87D-41CB-46C5-B2DE-0C01D1F08C92}.Release|Any CPU.ActiveCfg = Release|Any CPU
		{AE30C87D-41CB-46C5-B2DE-0C01D1F08C92}.Release|Any CPU.Build.0 = Release|Any CPU
		{553FC727-1A5A-42CE-8648-ED17DE1E8264}.Debug|Any CPU.ActiveCfg = Debug|Any CPU
		{553FC727-1A5A-42CE-8648-ED17DE1E8264}.Debug|Any CPU.Build.0 = Debug|Any CPU
		{553FC727-1A5A-42CE-8648-ED17DE1E8264}.Release|Any CPU.ActiveCfg = Release|Any CPU
		{553FC727-1A5A-42CE-8648-ED17DE1E8264}.Release|Any CPU.Build.0 = Release|Any CPU
		{80CA7316-FCF5-4793-AEC1-3FD5AAD7E03E}.Debug|Any CPU.ActiveCfg = Debug|Any CPU
		{80CA7316-FCF5-4793-AEC1-3FD5AAD7E03E}.Debug|Any CPU.Build.0 = Debug|Any CPU
		{80CA7316-FCF5-4793-AEC1-3FD5AAD7E03E}.Release|Any CPU.ActiveCfg = Release|Any CPU
		{80CA7316-FCF5-4793-AEC1-3FD5AAD7E03E}.Release|Any CPU.Build.0 = Release|Any CPU
		{06D3F984-00B1-44E8-8D94-A3B61FBC5DED}.Debug|Any CPU.ActiveCfg = Debug|Any CPU
		{06D3F984-00B1-44E8-8D94-A3B61FBC5DED}.Debug|Any CPU.Build.0 = Debug|Any CPU
		{06D3F984-00B1-44E8-8D94-A3B61FBC5DED}.Release|Any CPU.ActiveCfg = Release|Any CPU
		{06D3F984-00B1-44E8-8D94-A3B61FBC5DED}.Release|Any CPU.Build.0 = Release|Any CPU
		{44AD1B9D-1902-4163-899D-0529A7338608}.Debug|Any CPU.ActiveCfg = Debug|Any CPU
		{44AD1B9D-1902-4163-899D-0529A7338608}.Debug|Any CPU.Build.0 = Debug|Any CPU
		{44AD1B9D-1902-4163-899D-0529A7338608}.Release|Any CPU.ActiveCfg = Release|Any CPU
		{44AD1B9D-1902-4163-899D-0529A7338608}.Release|Any CPU.Build.0 = Release|Any CPU
		{7A88133A-73D1-4AB5-9BB2-D9E17E60A66A}.Debug|Any CPU.ActiveCfg = Debug|Any CPU
		{7A88133A-73D1-4AB5-9BB2-D9E17E60A66A}.Debug|Any CPU.Build.0 = Debug|Any CPU
		{7A88133A-73D1-4AB5-9BB2-D9E17E60A66A}.Release|Any CPU.ActiveCfg = Release|Any CPU
		{7A88133A-73D1-4AB5-9BB2-D9E17E60A66A}.Release|Any CPU.Build.0 = Release|Any CPU
	EndGlobalSection
	GlobalSection(SolutionProperties) = preSolution
		HideSolutionNode = FALSE
	EndGlobalSection
	GlobalSection(NestedProjects) = preSolution
		{D0278207-723D-405E-8EE0-998C5F734E15} = {055AF393-4C3B-41A3-80F2-BD3293DA1256}
		{9ACBF567-1562-4A9E-AD66-11C570E9B044} = {055AF393-4C3B-41A3-80F2-BD3293DA1256}
		{D991AA55-EFCA-4134-BFE2-5A0E2D2AE26E} = {055AF393-4C3B-41A3-80F2-BD3293DA1256}
		{35828A90-FD9B-4043-9902-72D57C33AA11} = {9ACBF567-1562-4A9E-AD66-11C570E9B044}
		{D5199E9B-15CB-49E0-B509-81B53176C168} = {D991AA55-EFCA-4134-BFE2-5A0E2D2AE26E}
		{7430DDA8-8D90-4D87-B060-1A161734899F} = {9ACBF567-1562-4A9E-AD66-11C570E9B044}
		{41167EFE-B752-4891-8EC6-BF09C3678ACA} = {D0278207-723D-405E-8EE0-998C5F734E15}
		{18B59236-F8CA-4CC7-ADE4-68228D2A0288} = {D991AA55-EFCA-4134-BFE2-5A0E2D2AE26E}
		{C8F72AD7-7765-4E62-B834-09E8275FC8AE} = {3244BAFF-5DCE-4963-9611-48400A7D4B81}
		{15C8BFD4-D22F-4A74-A13D-66610785055E} = {3244BAFF-5DCE-4963-9611-48400A7D4B81}
		{7ED7356E-4EE8-4409-8395-00E86C4C0347} = {D991AA55-EFCA-4134-BFE2-5A0E2D2AE26E}
		{1510C9CA-709C-4D0E-8A10-7BE0EB4777DC} = {D991AA55-EFCA-4134-BFE2-5A0E2D2AE26E}
		{AE30C87D-41CB-46C5-B2DE-0C01D1F08C92} = {9ACBF567-1562-4A9E-AD66-11C570E9B044}
		{819FE848-575F-4F4C-A7F6-B6B3B3C60359} = {055AF393-4C3B-41A3-80F2-BD3293DA1256}
		{553FC727-1A5A-42CE-8648-ED17DE1E8264} = {819FE848-575F-4F4C-A7F6-B6B3B3C60359}
		{80CA7316-FCF5-4793-AEC1-3FD5AAD7E03E} = {9ACBF567-1562-4A9E-AD66-11C570E9B044}
		{06D3F984-00B1-44E8-8D94-A3B61FBC5DED} = {9ACBF567-1562-4A9E-AD66-11C570E9B044}
		{D7E33A3A-EBF9-4F64-A5A2-44AD77F2CE52} = {055AF393-4C3B-41A3-80F2-BD3293DA1256}
		{44AD1B9D-1902-4163-899D-0529A7338608} = {D7E33A3A-EBF9-4F64-A5A2-44AD77F2CE52}
		{7A88133A-73D1-4AB5-9BB2-D9E17E60A66A} = {9ACBF567-1562-4A9E-AD66-11C570E9B044}
		{2AF7EAD0-561F-4154-95DF-E99466939613} = {055AF393-4C3B-41A3-80F2-BD3293DA1256}
		{498E1B47-829F-4707-80A3-EDD77AF757EF} = {055AF393-4C3B-41A3-80F2-BD3293DA1256}
	EndGlobalSection
	GlobalSection(ExtensibilityGlobals) = postSolution
		SolutionGuid = {F0ED5F4B-FC1E-493D-A9F8-981AA2D8A384}
	EndGlobalSection
EndGlobal
